
Microsoft Visual Studio Solution File, Format Version 12.00
# Visual Studio 15
VisualStudioVersion = 15.0.28307.168
MinimumVisualStudioVersion = 10.0.40219.1
Project("{FAE04EC0-301F-11D3-BF4B-00C04F79EFBC}") = "SumofDigits", "SumofDigits\SumofDigits.csproj", "{7804FB21-9EB8-4123-8C96-AD283390FD0E}"
EndProject
Global
	GlobalSection(SolutionConfigurationPlatforms) = preSolution
		Debug|Any CPU = Debug|Any CPU
		Release|Any CPU = Release|Any CPU
	EndGlobalSection
	GlobalSection(ProjectConfigurationPlatforms) = postSolution
		{7804FB21-9EB8-4123-8C96-AD283390FD0E}.Debug|Any CPU.ActiveCfg = Debug|Any CPU
		{7804FB21-9EB8-4123-8C96-AD283390FD0E}.Debug|Any CPU.Build.0 = Debug|Any CPU
		{7804FB21-9EB8-4123-8C96-AD283390FD0E}.Release|Any CPU.ActiveCfg = Release|Any CPU
		{7804FB21-9EB8-4123-8C96-AD283390FD0E}.Release|Any CPU.Build.0 = Release|Any CPU
	EndGlobalSection
	GlobalSection(SolutionProperties) = preSolution
		HideSolutionNode = FALSE
	EndGlobalSection
	GlobalSection(ExtensibilityGlobals) = postSolution
		SolutionGuid = {F4B1E8CE-A526-4AAE-B7AB-02FD09F3A2F9}
	EndGlobalSection
EndGlobal
